
Microsoft Visual Studio Solution File, Format Version 12.00
# Visual Studio 14
VisualStudioVersion = 14.0.25420.1
MinimumVisualStudioVersion = 10.0.40219.1
Project("{FAE04EC0-301F-11D3-BF4B-00C04F79EFBC}") = "Aula 07.06", "Aula 07.06\Aula 07.06.csproj", "{05548EA6-5D99-4B1D-9A42-DB72D4F3ED38}"
EndProject
Global
	GlobalSection(SolutionConfigurationPlatforms) = preSolution
		Debug|Any CPU = Debug|Any CPU
		Release|Any CPU = Release|Any CPU
	EndGlobalSection
	GlobalSection(ProjectConfigurationPlatforms) = postSolution
		{05548EA6-5D99-4B1D-9A42-DB72D4F3ED38}.Debug|Any CPU.ActiveCfg = Debug|Any CPU
		{05548EA6-5D99-4B1D-9A42-DB72D4F3ED38}.Debug|Any CPU.Build.0 = Debug|Any CPU
		{05548EA6-5D99-4B1D-9A42-DB72D4F3ED38}.Release|Any CPU.ActiveCfg = Release|Any CPU
		{05548EA6-5D99-4B1D-9A42-DB72D4F3ED38}.Release|Any CPU.Build.0 = Release|Any CPU
	EndGlobalSection
	GlobalSection(SolutionProperties) = preSolution
		HideSolutionNode = FALSE
	EndGlobalSection
EndGlobal
